
Microsoft Visual Studio Solution File, Format Version 12.00
# Visual Studio Version 17
VisualStudioVersion = 17.5.33516.290
MinimumVisualStudioVersion = 10.0.40219.1
Project("{FAE04EC0-301F-11D3-BF4B-00C04F79EFBC}") = "ProjectForPartnerSouth", "ProjectForPartnerSouth\ProjectForPartnerSouth.csproj", "{D4FDBDF9-EF0A-4857-B649-9515CCF8BFAA}"
EndProject
Global
	GlobalSection(SolutionConfigurationPlatforms) = preSolution
		Debug|Any CPU = Debug|Any CPU
		Release|Any CPU = Release|Any CPU
	EndGlobalSection
	GlobalSection(ProjectConfigurationPlatforms) = postSolution
		{D4FDBDF9-EF0A-4857-B649-9515CCF8BFAA}.Debug|Any CPU.ActiveCfg = Debug|Any CPU
		{D4FDBDF9-EF0A-4857-B649-9515CCF8BFAA}.Debug|Any CPU.Build.0 = Debug|Any CPU
		{D4FDBDF9-EF0A-4857-B649-9515CCF8BFAA}.Release|Any CPU.ActiveCfg = Release|Any CPU
		{D4FDBDF9-EF0A-4857-B649-9515CCF8BFAA}.Release|Any CPU.Build.0 = Release|Any CPU
	EndGlobalSection
	GlobalSection(SolutionProperties) = preSolution
		HideSolutionNode = FALSE
	EndGlobalSection
	GlobalSection(ExtensibilityGlobals) = postSolution
		SolutionGuid = {CBCD004C-DA52-48EB-99F5-ED8CE1166C40}
	EndGlobalSection
EndGlobal
